
Microsoft Visual Studio Solution File, Format Version 12.00
# Visual Studio Version 17
VisualStudioVersion = 17.7.34024.191
MinimumVisualStudioVersion = 10.0.40219.1
Project("{8BC9CEB8-8B4A-11D0-8D11-00A0C91BC942}") = "OpenGLGettingStarted", "OpenGLGettingStarted\OpenGLGettingStarted.vcxproj", "{BCB8451F-6B3A-49F5-9B47-D1F7956BDE12}"
EndProject
Global
	GlobalSection(SolutionConfigurationPlatforms) = preSolution
		Debug|x64 = Debug|x64
		Debug|x86 = Debug|x86
		Release|x64 = Release|x64
		Release|x86 = Release|x86
	EndGlobalSection
	GlobalSection(ProjectConfigurationPlatforms) = postSolution
		{BCB8451F-6B3A-49F5-9B47-D1F7956BDE12}.Debug|x64.ActiveCfg = Debug|x64
		{BCB8451F-6B3A-49F5-9B47-D1F7956BDE12}.Debug|x64.Build.0 = Debug|x64
		{BCB8451F-6B3A-49F5-9B47-D1F7956BDE12}.Debug|x86.ActiveCfg = Debug|Win32
		{BCB8451F-6B3A-49F5-9B47-D1F7956BDE12}.Debug|x86.Build.0 = Debug|Win32
		{BCB8451F-6B3A-49F5-9B47-D1F7956BDE12}.Release|x64.ActiveCfg = Release|x64
		{BCB8451F-6B3A-49F5-9B47-D1F7956BDE12}.Release|x64.Build.0 = Release|x64
		{BCB8451F-6B3A-49F5-9B47-D1F7956BDE12}.Release|x86.ActiveCfg = Release|Win32
		{BCB8451F-6B3A-49F5-9B47-D1F7956BDE12}.Release|x86.Build.0 = Release|Win32
	EndGlobalSection
	GlobalSection(SolutionProperties) = preSolution
		HideSolutionNode = FALSE
	EndGlobalSection
	GlobalSection(ExtensibilityGlobals) = postSolution
		SolutionGuid = {A0F88B7B-3D45-480E-A443-2216281871D2}
	EndGlobalSection
EndGlobal
